Microsoft Visual Studio Solution File, Format Version 12.00
# Visual Studio Version 17
VisualStudioVersion = 17.5.2.0
MinimumVisualStudioVersion = 10.0.40219.1
Project("{FAE04EC0-301F-11D3-BF4B-00C04F79EFBC}") = "aegis_technical_tes", "aegis_technical_tes.csproj", "{73E1384E-0ECB-F051-F1C7-D40677242927}"
EndProject
Global
	GlobalSection(SolutionConfigurationPlatforms) = preSolution
		Debug|Any CPU = Debug|Any CPU
		Release|Any CPU = Release|Any CPU
	EndGlobalSection
	GlobalSection(ProjectConfigurationPlatforms) = postSolution
		{73E1384E-0ECB-F051-F1C7-D40677242927}.Debug|Any CPU.ActiveCfg = Debug|Any CPU
		{73E1384E-0ECB-F051-F1C7-D40677242927}.Debug|Any CPU.Build.0 = Debug|Any CPU
		{73E1384E-0ECB-F051-F1C7-D40677242927}.Release|Any CPU.ActiveCfg = Release|Any CPU
		{73E1384E-0ECB-F051-F1C7-D40677242927}.Release|Any CPU.Build.0 = Release|Any CPU
	EndGlobalSection
	GlobalSection(SolutionProperties) = preSolution
		HideSolutionNode = FALSE
	EndGlobalSection
	GlobalSection(ExtensibilityGlobals) = postSolution
		SolutionGuid = {EE540E30-DC4C-436C-A236-BACA309C86E4}
	EndGlobalSection
EndGlobal
